version: 1
checksums:
  de800d16f427a2681a5bcf46beb42a3d:
    actions.abort.name: 67c9473b8b358629b0934e579d29169e
    actions.abort.showError.label: c5f3b6155708cb6d83d204fb6d95782c
    actions.buttondown.emailField.label: e130b478199e4f8660e2adb474903306
    actions.buttondown.exposeMetadata.label: 12eb93d7940fe49483bb86df0a9e3dc1
    actions.buttondown.name: f711b3b99d1474ad5280a235a8e7ebc7
    actions.buttondown.tags.label: d89956a828845e0f645518f4575f82f1
    actions.buttondown.log.success: 10b0aa383e1a559b0675cea856e21a97
    actions.buttondown.log.alreadySubscribed: dc6b50e78cb85d8a3fced2fc38f357a8
    actions.buttondown.log.reminder: c65dd3feaf205962090448986cd084f3
    actions.category.common: 9cf1453ebf38216e88ab83fca0febab0
    actions.category.newsletter: fc07660bbd91569ec3c6f59c2281b761
    actions.category.notifications: c52df856139b50dbb1cae7bfb1cf73bb
    actions.category.analytics: 13e4335fce301a146cb9c7626a65d698
    actions.conditional.conditions.label: fb8f9a17238bdbdf2fe3c426a128ed40
    actions.conditional.elseActions.label: 7f94332acbbab612303843066b316e75
    actions.conditional.if.label: cab4cd34e9fec96cfd9177b1d2e4d230
    actions.conditional.name: 3ecb322c954ba3eee95427c09ec15a4e
    actions.conditional.operator.contains: 06dd606c0a8f81f9a03b414e9ae89440
    actions.conditional.operator.endsWith: 2bd866369766c6a2ef74bb9fa74b1d7e
    actions.conditional.operator.equals: 264ec282f7f5b67da622cc37f2b57b8a
    actions.conditional.operator.label: cac141e99caf05b7bcd1548cc44db81c
    actions.conditional.operator.notContains: 5894f5474271b8902d7892e43500d227
    actions.conditional.operator.notEquals: 427715f1ea349965c36f5c628784eb08
    actions.conditional.operator.startsWith: 37e55e9080c84a1855956161e7885c21
    actions.conditional.thatActions.label: 6e2d4a0770ba7b72fd193d179995bda3
    actions.conditional.value.label: 34b0eaa85808b15cbc4be94c64d0146b
    actions.discord.name: 577782d2b4377bcc38037e76e4f234b6
    actions.discord.log.error: 27b203dde854249c2874f88ce019ac81
    actions.discord.log.success: 3dbbc921ce1a2420c9eec45d428caa8d
    actions.email.addresses.label: 87b49e2ffcdbe3cc4bfd2d25cc75c096
    actions.email.attachments.label: d048bfb719fd923806ec6e50e752b923
    actions.email.defaultTemplate.text: 56deaad221a2ced23bab6da1db3830f4
    actions.email.name: 11d380c15cdc68f42d4afa70360b4e10
    actions.email.replyTo.label: 3db85575f1c0882d6d04b0cdaee746a9
    actions.email.sendTo.label: 12510f84855b7b40e35f633ff6a406f5
    actions.email.subject.label: de5b885eb327b2f233f3b67aab4c4c0a
    actions.email.templateType.default: c83d5f274f077068a10da054611eab6d
    actions.email.templateType.field: 6d47c75cc9d3402470bcddc936067bd1
    actions.email.templateType.kirby: 5409eca29ad79af86b097687f203d108
    actions.email.templateType.label: 5291b842a792f785ddd5a609b04a12ba
    actions.email.log.success: 8c2fa0e6b70005693f2177b178cf1eaa
    actions.email.log.expand: 1bffd02092bb2dd1ac0455fe93ceb1f2
    actions.email.log.collapse: d64b33ae34d2ff729b0232220dbd9a99
    actions.email.log.to: 7454a12144e7c25b3c67349ec8ecd551
    actions.email.log.from: 48a6a7fbee4a7bc229abdfe574115a62
    actions.email.log.subject: 517686b3de6f5ab14e26b6675f6fbf82
    actions.email.error.sender: f85768ca1665309ab7f4b2088ccc3a4e
    actions.email.error.recipient: 32154c8f7e6016a90d8d2ee97da58bba
    actions.empty: d934398ef0f97ad253585c5a365051a3
    actions.label: c46571856723b03262fd33f511116298
    actions.mailchimp.doubleOptIn.help: decb9290328bcba694b58de29e1138c0
    actions.mailchimp.doubleOptIn.label: 2e609e04487551b862f58bb4d8adcfea
    actions.mailchimp.fieldMapping.empty: eb21f7091bd3a71baecf4558d42e507f
    actions.mailchimp.fieldMapping.help: f4daf36abbcf2019fe55c8dbf1264639
    actions.mailchimp.fieldMapping.label: d2c787668a0ae02dc932712de8433c7e
    actions.mailchimp.list.label: 94f13e7ef909a4de9db7abaa1f9f0b61
    actions.mailchimp.name: de0ff0d720a2b8ce7fe0eb0924e5a213
    actions.mailchimp.tags.label: 97813c8ae67d69575fd04e35a88aed0c
    actions.mailchimp.log.success: 15a4d0b36d8957d802968258225ee605
    actions.mailchimp.log.alreadySubscribed: 2c676f50c6bd42eb0a9bc2d5816f9ef6
    actions.brevo.name: 99cff5655d9515dff38ca3a56b51381b
    actions.brevo.list.label: 94f13e7ef909a4de9db7abaa1f9f0b61
    actions.brevo.doubleOptIn.help: decb9290328bcba694b58de29e1138c0
    actions.brevo.doubleOptIn.label: 2e609e04487551b862f58bb4d8adcfea
    actions.brevo.doubleOptInTemplate.help: 0bcb51e4a859c8d6b3beae23d43b7d3c
    actions.brevo.doubleOptInTemplate.label: c81d6ce79de2836b0aff90432aa3cb10
    actions.brevo.doubleOptInTemplate.empty: 625875ac8905b390974bce1147b234e8
    actions.brevo.doubleOptInRedirect.help: f325d215347731e94b66cfbdc77eaa92
    actions.brevo.doubleOptInRedirect.label: ba7734f1d29584fd74cbbd9ede2f45f3
    actions.brevo.attributes.empty: e5e5b34b9bde28b9da1bbe22d66de0a7
    actions.brevo.attributes.help: e9cb390eb748ee7c9cb434b5a27ac853
    actions.brevo.attributes.label: 6acf323625ea07d402b23658aea03717
    actions.brevo.ipError.label: 0a3498f8f8cbe775b2237e863892bb76
    actions.brevo.ipError.text: 9cf0fe243a24b0071b3de8ee7c202f52
    actions.brevo.ipError.log: e00e5ed62ca063d9c02d755b6017c1da
    actions.brevo.log.success: 2a51d1ebb2e7b6b49dcd9b7ba13b5c09
    actions.loops.name: 260edfa905346fdb4ec5eaaff0c13f93
    actions.loops.lists.label: 0bfe54a513c26c9d71537bd4df18ac71
    actions.loops.subscribed.label: 2797b56a63e796d2767b4b5cf4bab92b
    actions.loops.subscribed.help: 0581ff6f64da0d3b60bf10c4db5d4680
    actions.loops.subscribed.unset: 76a64aa94ebd67688a46bf60ca2f061a
    actions.loops.subscribed.yes: ec580fd11a45779b039466f1e35eed2a
    actions.loops.subscribed.no: 8c708225830b06df2d1141c536f2a0d6
    actions.loops.userGroup.label: 368de7b0011cbc1aaba8123ec6cda345
    actions.loops.userGroup.help: f73b4e04c58e8c8d669da312cca7dbf5
    actions.loops.userId.label: 37f5ba37f71cb50607af32a6a203b1d4
    actions.loops.userId.help: ad0ef664cb41f36c0b157fca1a4bbe68
    actions.loops.fields.label: dc5e476f6beca227b505d21489e8d365
    actions.loops.log.success: 1ae6915336a300c0456d4d8256882e92
    actions.redirect.name: e991f3bc8d3b349ebfe83e1ee44f015a
    actions.redirect.redirectTo.label: 558ee8c0e7dda748794b2eba2b7bcb3c
    actions.slack.name: e981545fd4cc63e29c492257a506ca74
    actions.webhook.exposedFields.label: b1aaa40b34c80affe9e60cc10d900512
    actions.webhook.exposedFields.referer: 627b5e0e2ed14e68a30eef556ffd4eac
    actions.webhook.log.error: 599b1a5cd723998d0c1fb14275b98459
    actions.webhook.log.success: 8df24404cd3adda3f70384c0f4044f85
    actions.webhook.name: 035c239a634bd7bfad9848a39f48ce07
    actions.webhook.url.label: 0a87b419dda16574987ae38a9ce3e51b
    actions.plausible.name: 0f284c73ece8373aef5d8affcd198128
    actions.plausible.event.label: e9ee5be0bc00804cc48c982d2ad1f849
    actions.plausible.event.help: 91d7463908a4a2a8ddd0104abcb1b4e7
    actions.plausible.event.link: 1f76d9a2628366e314511e64dd4e0db4
    common.errorMessage.help: 0f51a6d13766182ea4c3ce057a090d08
    common.errorMessage.label: b2e38ce321e3226cea53761c5e038f6b
    common.key.label: 3d1065ab98a1c2f1210507fd5c7bf515
    common.label.label: a5c71bf158481233f8215dbd38cc196b
    common.options.add: 1ffa9646eb95e1b7ed65f533441ef540
    common.options.label: 59156082418d80acb211f973b1218f11
    common.options.label.help: 3918b371eee18f3a3dd0811e35956820
    common.options.remove: ecc6012f11f895059d6c120656573faf
    common.options.value.help: 0686bb572ea289a5054484c4bd438c84
    common.options.value.label: 34b0eaa85808b15cbc4be94c64d0146b
    common.placeholder.label: 88c2c168aff12ca70148fcb5f6b4c7b1
    common.required.false: 10f5c90ef4736cfe64b5f5c02fe15871
    common.required.label: 04d7fb6f37ffe0a6ca97d49e2a8b6eb5
    common.required.true: 367c4b88970d37dbdba3f35346e58486
    common.clearField: 6aff308face4376e933325d0ddef6e1f
    common.emptyField: b8528b69350a860c8b361e6df62d70ec
    common.noFields: 029834832e432ce80d5df60ac14e57ed
    common.firstName: cf040a5d6a9fd696be400380cc99f54b
    common.lastName: 2c9a7de7738ca007ba9023c385149c26
    common.source: 6e87903ef260da661b2bf6d858ba68ca
    common.insert: 51f001c133c6754ade95b64291f7c2d9
    common.update: 079fc039262fd31b10532929685c2d1b
    field: cfd632297d7809a3539e90c9cd4728d9
    fields: dc5e476f6beca227b505d21489e8d365
    fields.button.label.label: 7c91ef5f747eea9f77a9c4f23e19fb2e
    fields.button.name: 185d745897d642b43e06323a260416e6
    fields.category.advanced: 2c0f19e1dc6afd1e8f44fc36b9d8b497
    fields.category.common: 1a4153908fa1f863a1068b87751d5fc9
    fields.checkboxes.max.label: 454eaf982c46302d68c2d6e2280865ef
    fields.checkboxes.min.label: 34883d1f38caf642f068993d2c09d5c7
    fields.checkboxes.name: 0553ce0379e8a14f19369eeb35da7e98
    fields.email.name: e7f34943a0c2fb849db1839ff6ef5cb5
    fields.error.required: 53a3c5c12c6975c2461a7edd9e2b4282
    fields.hidden.name: fa290c6ada5869d744ed35e9cca64699
    fields.hidden.placeholder: 4f77da18b3fc63f70e3e842ca11896ab
    fields.number.max.label: ebcd6f7cd72a0c8c41f15a5f5e7f62d0
    fields.number.min.label: c027ca20a51d387f91928a92bb843c22
    fields.number.name: 2789f8391f63e7200a5521078aab017d
    fields.number.step.help: 8ffda21a23f6837b224035a899d960a1
    fields.number.step.label: a12899927daaf0c8db4bce5dd742726f
    fields.pages.name: a45af457edfb1c11a2439971e8884edd
    fields.pages.useChildren.help: bcc6b8a872c48d721d12a54f8a56ac87
    fields.pages.useChildren.label: 74d84a42712fc3116f60ad214c4325aa
    fields.radio.name: 555a704e995e7175d4094ba71ad804ec
    fields.select.name: 5ac04c47a98deb85906bc02e0de91ab0
    fields.text.name: 4ddccc1974775ed7357f9beaf9361cec
    fields.textarea.name: 87ecc91110d662b84890920c9d26d539
    fields.upload.allowedTypes.archives: 1c12f697adf2c1757ffb8373fe565b70
    fields.upload.allowedTypes.audio: 2be95a0576c5f2dc8c4359afa6cac340
    fields.upload.allowedTypes.documents: c3882fc98216636873ab9091f3453f0c
    fields.upload.allowedTypes.images: 9305827c28694866f49db42b4c51831f
    fields.upload.allowedTypes.label: ca8a3b2db40a9f69295dfc2ebddd4d8d
    fields.upload.allowedTypes.video: 8050c90e4289b105a0780f0fdda6ff66
    fields.upload.maxSize.help: 34e39f6a5ab3ab0e82af2d7d6013c347
    fields.upload.maxSize.label: 98b963762608195824f59f60495d8569
    fields.upload.multiple.label: e701894e6d716b2aee98575e4645ab80
    fields.upload.name: d83c28574c7b4f3c4b151633ee74b436
    form: 0891c8304c827c097f1a2203aa2c6c19
    form.continueOnError.help: 13f35e888e8a7c849b9b49ae8895f798
    form.continueOnError.label: 9f48d02f408d9110c86ec2d91298be91
    form.empty: c5c8e1ad49e16b1d0651df99730ea144
    form.error.duplicateKey: 125f4c30eba19a4fb48214b0449f02f2
    form.error.reservedKey: dfff0374e88af43daf6b84262cf91867
    form.formName.label: b3c1ebbd80d70a6edf7ab37bb84749b0
    form.inactiveMessage.default: e4c2c332c3c123311beb918f7d4bd1e5
    form.newPage: cc103165aa94a7001972b4f96cf5fce1
    form.nextPage: 83bc16b122c23ef58e802b84294cdcbb
    form.partialSubmissions.label: 12a84831e32c3c6a4d14b4dbf06770fe
    form.partialSubmissions.help: 919c96dfc6767cc5887ea3d991a02fad
    form.status.draft.label: e8a92958ad300aacfe46c2bf6644927e
    form.status.draft.text: c7fca71af7fb7aadbbba72af8fa1c82b
    form.status.listed.label: 183373c58ff828bf9d70c94216305a8d
    form.status.listed.text: 94133177a7493526c2663e170fc7b133
    form.storeSubmissions.help: 3c1f33a8dc7bd971d3dcb64f829f8412
    form.storeSubmissions.label: 88950b20be7c37e275efdb93d12d0fc1
    form.successMessage.default: ddecc82f7a0f87ccb59a5c3ca84d2ee7
    form.successMessage.label: f2f72126bd244cfc534eab395e054362
    form.successPage.label: d409ede5cf4c9230d75b9efc2e2f02e7
    forms: 9f7690ac56fe8a956d3b2eaf11122d56
    forms.empty: 5b84b9e937b797fd64f61ae31ee4573e
    fromField: 2ccb72a29eee05a3e1af6a3dbf8dbcfa
    justNow: 465da4cf3bd301066d7377dc29d31374
    license.activate: 8fc2cd8147784283f3326474b65d4c66
    license.activate.domain: 60279ccb033cac7af2bf5827101a9b2f
    license.activate.label: 2e58a0ed025360d2903f359e634a067f
    license.activate.local: 19e538686800fe694b986f0300744188
    license.buy: acef0f8f5f57d775b81a0b213b5bfcdc
    license.cta: 50d60ada81482af74d567a9c21a5853f
    license.demoMode: e67b1a68a2b9effb5eda64420ca875ca
    license.error.email: 4157c206eb09e5f58cd1804be8689c55
    license.error.key: a181da35bcb8a0e5876fbff82f8be0e9
    license.error.submission: 2c008fe67967d7a8e0d303b0355c9bc0
    license.key.help: ad04dd0dff9e7f9bdaf305569345eb40
    license.key.label: 9e6c372f3ad766c856901a310fd712cc
    license.status.valid: 1fc3e06e2d8717e6e2c993801d999468
    license.status.demo: 27d6fdfbcca2dba6e8ba7440251a8c4c
    license.status.missing: a5e62f7cf50b8489eb5441e63512d509
    settings: 8df6777277469c1fd88cc18dde2f1cc3
    static: b710755aa0f691b41165f72352cfbbf0
    submission: ff6c46274f54943672d1ad163e74bcb5
    submission.error.captcha: 48f646dc7db902a70daab7a36294991b
    submission.error.email: 45e32d7f57710106e7f035539fbb33ea
    submission.error.generic: 869b0fe11d0ebaa75afea52200a06244
    submission.error.honeypot: c096f30b7df20300ad5bdaf9470eac75
    submission.error.logType: 8ccade6dbadd811549681a5d47a0c228
    submission.error.ratelimit: ac3f18655245056d79a43b8d93ca142b
    submission.error.csrf: f50aaeec1b998d29fcf256fb9a56d914
    submission.error.emptyFields: 7609524fd93fe053e07424ed92c47938
    submission.ham: bca6fe1bceb5a6054dff6c1aed978a0d
    submission.log.error: a02e13357f41b47114edda8970846ef3
    submission.markedAs: 1acc2605319fdc4c375eddbec19ecb12
    submission.partial: b560499bed0beb491debeea0faaccc1f
    submission.reportAsHam.button: 86bb165a3c5438413681808842d7da86
    submission.reportAsHam.confirm.default: b424f0c49643e8acbb7ba2da52e01f6d
    submission.reportAsHam.confirm.unprocessed: 5bee925094a189d744052bc749b12c7f
    submission.reportAsHam.success: e73eab5e26c0f6f26c989ff17018da17
    submission.reportAsSpam.button: 882dfcc4271cbff39a7e397def57cd99
    submission.reportAsSpam.confirm: 525beaa1f50e64e0b2f112d0c5abcb10
    submission.reportAsSpam.success: 21d83a04f013d6da48a7c89b31ef273f
    submission.runActions.button: dc7f2cfa721c858ab06399f6ebf1efc4
    submission.runActions.confirm: 4c094933a3b2ab7b40cf387c9cc67a97
    submission.runActions.success: 279ae624c2f916e6cca58e06d180ca28
    submission.spam: 904064026d3ce87cd872e0b819a15310
    submission.submittedAt: f7d306970afd402cdfe802bb10236e3a
    submissions: aed899813d97f082c27c7a1c82f4dc0e
    submissions.empty: cd5a89576c24930dc1d05714727ffffa
    submissions.recent: 8f45c21623deafe714652f6e2631aaab
    validation: 1317a0978c579e81f3c4e50e7696189f
    workflow: 0240772c838117f1c837f4913fce9384
    writerNodes.formField: a4b5ac94cb709ed99aaa503d9c3fe135
    writerNodes.selectField: e61a273dafca0df32f7de68f6fc18875
